speakeasyVersion: 1.763.4
sources:
    vercel-OAS:
        sourceNamespace: vercel-oas
        sourceRevisionDigest: sha256:6b842d1a222622923cde89bca569dbe059df044f0c5f0bd395bb68965e3c4394
        sourceBlobDigest: sha256:284c6b63ef3fec7f124c6aa03acfd99435a32801fdc20ee76b13c80a454762af
        tags:
            - latest
            - 0.0.1
targets:
    vercel:
        source: vercel-OAS
        sourceNamespace: vercel-oas
        sourceRevisionDigest: sha256:6b842d1a222622923cde89bca569dbe059df044f0c5f0bd395bb68965e3c4394
        sourceBlobDigest: sha256:284c6b63ef3fec7f124c6aa03acfd99435a32801fdc20ee76b13c80a454762af
        codeSamplesNamespace: vercel-oas-typescript-code-samples
        codeSamplesRevisionDigest: sha256:96cf9932a676da6735edf8c5e3fd3fc94955852cf2db6b4d17a999e306d610fd
workflow:
    workflowVersion: 1.0.0
    speakeasyVersion: latest
    sources:
        vercel-OAS:
            inputs:
                - location: https://openapi.vercel.sh/
            overlays:
                - location: overlay-title.yaml
            output: vercel-spec.json
            ruleset: vercelRestAPIRuleset
            registry:
                location: registry.speakeasyapi.dev/vercel/vercel-docs/vercel-oas
    targets:
        vercel:
            target: typescript
            source: vercel-OAS
            publish:
                npm:
                    token: $npm_token
            codeSamples:
                registry:
                    location: registry.speakeasyapi.dev/vercel/vercel-docs/vercel-oas-typescript-code-samples
                blocking: false
            testing:
                enabled: false
