speakeasyVersion: 1.567.0
sources:
    vercel-OAS:
        sourceNamespace: vercel-oas
        sourceRevisionDigest: sha256:36f87f422a379e1cade20069e931c88b21144a59ce65f68016f1f31bf82733ec
        sourceBlobDigest: sha256:2fad3a5ddfce064260bc8e9aed463ac30b10d4083a30563aee918c43d204e4ab
        tags:
            - latest
            - speakeasy-sdk-regen-1750205263
            - 0.0.1
targets:
    vercel:
        source: vercel-OAS
        sourceNamespace: vercel-oas
        sourceRevisionDigest: sha256:36f87f422a379e1cade20069e931c88b21144a59ce65f68016f1f31bf82733ec
        sourceBlobDigest: sha256:2fad3a5ddfce064260bc8e9aed463ac30b10d4083a30563aee918c43d204e4ab
        codeSamplesNamespace: vercel-oas-typescript-code-samples
        codeSamplesRevisionDigest: sha256:f06f79296532789b35570e1fe5f9777ac674a2d3f5f08eb0cb13fb4f52eb7d86
workflow:
    workflowVersion: 1.0.0
    speakeasyVersion: latest
    sources:
        vercel-OAS:
            inputs:
                - location: https://openapi.vercel.sh/
            overlays:
                - location: overlay.yaml
                - location: sdk-only-errors.yaml
                - location: mintlify-overlay.yaml
                - location: tests-overlay.yaml
            output: vercel-spec.json
            ruleset: vercelRestAPIRuleset
            registry:
                location: registry.speakeasyapi.dev/vercel/vercel-docs/vercel-oas
    targets:
        vercel:
            target: typescript
            source: vercel-OAS
            publish:
                npm:
                    token: $npm_token
            codeSamples:
                registry:
                    location: registry.speakeasyapi.dev/vercel/vercel-docs/vercel-oas-typescript-code-samples
                blocking: false
            testing:
                enabled: true
