speakeasyVersion: 1.791.0
sources:
    vercel-OAS:
        sourceNamespace: vercel-oas
        sourceRevisionDigest: sha256:8733cfec0df02eb5640965b37d8bf588d8b9fee3bf89d9f742579ed20ee2b02f
        sourceBlobDigest: sha256:c3d6a970da1593ad596b567aabe0599babd311a75b9dd456ae7ad5585888f99f
        tags:
            - latest
            - 0.0.1
targets:
    vercel:
        source: vercel-OAS
        sourceNamespace: vercel-oas
        sourceRevisionDigest: sha256:8733cfec0df02eb5640965b37d8bf588d8b9fee3bf89d9f742579ed20ee2b02f
        sourceBlobDigest: sha256:c3d6a970da1593ad596b567aabe0599babd311a75b9dd456ae7ad5585888f99f
        codeSamplesNamespace: vercel-oas-typescript-code-samples
        codeSamplesRevisionDigest: sha256:8e9a0cf6fe53b7fb3cf287c8e1c703bb73b98d0e8d6ebc5fe8fa9c0b7251349d
workflow:
    workflowVersion: 1.0.0
    speakeasyVersion: latest
    sources:
        vercel-OAS:
            inputs:
                - location: https://openapi.vercel.sh/
            overlays:
                - location: overlay-title.yaml
            output: vercel-spec.json
            ruleset: vercelRestAPIRuleset
            registry:
                location: registry.speakeasyapi.dev/vercel/vercel-docs/vercel-oas
    targets:
        vercel:
            target: typescript
            source: vercel-OAS
            publish:
                npm:
                    token: $npm_token
            codeSamples:
                registry:
                    location: registry.speakeasyapi.dev/vercel/vercel-docs/vercel-oas-typescript-code-samples
                blocking: false
            testing:
                enabled: false
